
Microsoft Visual Studio Solution File, Format Version 12.00
# Visual Studio Version 17
VisualStudioVersion = 17.5.002.0
MinimumVisualStudioVersion = 10.0.40219.1
Project("{2150E333-8FDC-42A3-9474-1A3956D46DE8}") = "documentation_udacity", "documentation_udacity", "{7CEDE22A-B283-4345-9B3D-592F0AA76069}"
EndProject
Project("{2150E333-8FDC-42A3-9474-1A3956D46DE8}") = "ND073-C3-Build-AI-Enriched-Corporate-Training-Catalog-master", "ND073-C3-Build-AI-Enriched-Corporate-Training-Catalog-master", "{2D897495-48AA-4014-BAB8-492F7D9A444B}"
EndProject
Project("{2150E333-8FDC-42A3-9474-1A3956D46DE8}") = "starter", "starter", "{9F16F2C0-A392-464D-87B9-035C48681CE7}"
EndProject
Project("{9A19103F-16F7-4668-BE54-9A1E7A4F7556}") = "LookupFunction", "documentation_udacity\ND073-C3-Build-AI-Enriched-Corporate-Training-Catalog-master\starter\Function\LookupFunction.csproj", "{9C70E0A0-C621-47FD-9ADF-7CE0DB770220}"
EndProject
Global
	GlobalSection(SolutionConfigurationPlatforms) = preSolution
		Debug|Any CPU = Debug|Any CPU
		Release|Any CPU = Release|Any CPU
	EndGlobalSection
	GlobalSection(ProjectConfigurationPlatforms) = postSolution
		{9C70E0A0-C621-47FD-9ADF-7CE0DB770220}.Debug|Any CPU.ActiveCfg = Debug|Any CPU
		{9C70E0A0-C621-47FD-9ADF-7CE0DB770220}.Debug|Any CPU.Build.0 = Debug|Any CPU
		{9C70E0A0-C621-47FD-9ADF-7CE0DB770220}.Release|Any CPU.ActiveCfg = Release|Any CPU
		{9C70E0A0-C621-47FD-9ADF-7CE0DB770220}.Release|Any CPU.Build.0 = Release|Any CPU
	EndGlobalSection
	GlobalSection(SolutionProperties) = preSolution
		HideSolutionNode = FALSE
	EndGlobalSection
	GlobalSection(NestedProjects) = preSolution
		{2D897495-48AA-4014-BAB8-492F7D9A444B} = {7CEDE22A-B283-4345-9B3D-592F0AA76069}
		{9F16F2C0-A392-464D-87B9-035C48681CE7} = {2D897495-48AA-4014-BAB8-492F7D9A444B}
		{9C70E0A0-C621-47FD-9ADF-7CE0DB770220} = {9F16F2C0-A392-464D-87B9-035C48681CE7}
	EndGlobalSection
	GlobalSection(ExtensibilityGlobals) = postSolution
		SolutionGuid = {319A01D4-39F3-434E-B481-5267F5F93546}
	EndGlobalSection
EndGlobal
